// !$*UTF8*$!
{
	archiveVersion = 1;
	classes = {
	};
	objectVersion = 56;
	objects = {

/* Begin PBXBuildFile section */
		0804977F29DB3CC100EF1AC8 /* Models.swift in Sources */ = {isa = PBXBuildFile; fileRef = 0804977E29DB3CC100EF1AC8 /* Models.swift */; };
		0804978229DB3EAC00EF1AC8 /* data.json in Resources */ = {isa = PBXBuildFile; fileRef = 0804978129DB3EAC00EF1AC8 /* data.json */; };
		0889E7C729CDE5CA002CE3F1 /* ed_tech_platform.swift in Sources */ = {isa = PBXBuildFile; fileRef = 0889E7C629CDE5CA002CE3F1 /* ed_tech_platform.swift */; };
		0889E7CB29CDE5D3002CE3F1 /* Assets.xcassets in Resources */ = {isa = PBXBuildFile; fileRef = 0889E7CA29CDE5D3002CE3F1 /* Assets.xcassets */; };
		0889E7CE29CDE5D3002CE3F1 /* Preview Assets.xcassets in Resources */ = {isa = PBXBuildFile; fileRef = 0889E7CD29CDE5D3002CE3F1 /* Preview Assets.xcassets */; };
		0889E7D329CDE5D3002CE3F1 /* ed_tech_platform.xcdatamodeld in Sources */ = {isa = PBXBuildFile; fileRef = 0889E7D129CDE5D3002CE3F1 /* ed_tech_platform.xcdatamodeld */; };
		0889E7DA29CDE7DF002CE3F1 /* HomeView.swift in Sources */ = {isa = PBXBuildFile; fileRef = 0889E7D929CDE7DF002CE3F1 /* HomeView.swift */; };
		0889E7DC29CDE7F7002CE3F1 /* HomeViewRow.swift in Sources */ = {isa = PBXBuildFile; fileRef = 0889E7DB29CDE7F7002CE3F1 /* HomeViewRow.swift */; };
		0889E7E029CDE85B002CE3F1 /* ContentModel.swift in Sources */ = {isa = PBXBuildFile; fileRef = 0889E7DF29CDE85B002CE3F1 /* ContentModel.swift */; };
/* End PBXBuildFile section */

/* Begin PBXFileReference section */
		0804977E29DB3CC100EF1AC8 /* Models.swift */ = {isa = PBXFileReference; lastKnownFileType = sourcecode.swift; path = Models.swift; sourceTree = "<group>"; };
		0804978129DB3EAC00EF1AC8 /* data.json */ = {isa = PBXFileReference; fileEncoding = 4; lastKnownFileType = text.json; name = data.json; path = "ed-tech-platform/Resources/data.json"; sourceTree = SOURCE_ROOT; };
		0889E7C329CDE5CA002CE3F1 /* ed-tech-platform.app */ = {isa = PBXFileReference; explicitFileType = wrapper.application; includeInIndex = 0; path = "ed-tech-platform.app"; sourceTree = BUILT_PRODUCTS_DIR; };
		0889E7C629CDE5CA002CE3F1 /* ed_tech_platform.swift */ = {isa = PBXFileReference; lastKnownFileType = sourcecode.swift; path = ed_tech_platform.swift; sourceTree = "<group>"; };
		0889E7CA29CDE5D3002CE3F1 /* Assets.xcassets */ = {isa = PBXFileReference; lastKnownFileType = folder.assetcatalog; path = Assets.xcassets; sourceTree = "<group>"; };
		0889E7CD29CDE5D3002CE3F1 /* Preview Assets.xcassets */ = {isa = PBXFileReference; lastKnownFileType = folder.assetcatalog; path = "Preview Assets.xcassets"; sourceTree = "<group>"; };
		0889E7D229CDE5D3002CE3F1 /* ed_tech_platform.xcdatamodel */ = {isa = PBXFileReference; lastKnownFileType = wrapper.xcdatamodel; path = ed_tech_platform.xcdatamodel; sourceTree = "<group>"; };
		0889E7D929CDE7DF002CE3F1 /* HomeView.swift */ = {isa = PBXFileReference; lastKnownFileType = sourcecode.swift; path = HomeView.swift; sourceTree = "<group>"; };
		0889E7DB29CDE7F7002CE3F1 /* HomeViewRow.swift */ = {isa = PBXFileReference; lastKnownFileType = sourcecode.swift; path = HomeViewRow.swift; sourceTree = "<group>"; };
		0889E7DF29CDE85B002CE3F1 /* ContentModel.swift */ = {isa = PBXFileReference; lastKnownFileType = sourcecode.swift; path = ContentModel.swift; sourceTree = "<group>"; };
/* End PBXFileReference section */

/* Begin PBXFrameworksBuildPhase section */
		0889E7C029CDE5CA002CE3F1 /* Frameworks */ = {
			isa = PBXFrameworksBuildPhase;
			buildActionMask = 2147483647;
			files = (
			);
			runOnlyForDeploymentPostprocessing = 0;
		};
/* End PBXFrameworksBuildPhase section */

/* Begin PBXGroup section */
		0804978029DB3CC700EF1AC8 /* Models */ = {
			isa = PBXGroup;
			children = (
				0804977E29DB3CC100EF1AC8 /* Models.swift */,
			);
			path = Models;
			sourceTree = "<group>";
		};
		0804978329DB3EBE00EF1AC8 /* Resources */ = {
			isa = PBXGroup;
			children = (
				0804978129DB3EAC00EF1AC8 /* data.json */,
			);
			path = Resources;
			sourceTree = "<group>";
		};
		0889E7BA29CDE5C9002CE3F1 = {
			isa = PBXGroup;
			children = (
				0889E7C529CDE5CA002CE3F1 /* ed-tech-platform */,
				0889E7C429CDE5CA002CE3F1 /* Products */,
			);
			sourceTree = "<group>";
		};
		0889E7C429CDE5CA002CE3F1 /* Products */ = {
			isa = PBXGroup;
			children = (
				0889E7C329CDE5CA002CE3F1 /* ed-tech-platform.app */,
			);
			name = Products;
			sourceTree = "<group>";
		};
		0889E7C529CDE5CA002CE3F1 /* ed-tech-platform */ = {
			isa = PBXGroup;
			children = (
				0889E7C629CDE5CA002CE3F1 /* ed_tech_platform.swift */,
				0804978029DB3CC700EF1AC8 /* Models */,
				0889E7DE29CDE83B002CE3F1 /* ViewModels */,
				0889E7DD29CDE7FC002CE3F1 /* Views */,
				0889E7CA29CDE5D3002CE3F1 /* Assets.xcassets */,
				0804978329DB3EBE00EF1AC8 /* Resources */,
				0889E7D129CDE5D3002CE3F1 /* ed_tech_platform.xcdatamodeld */,
				0889E7CC29CDE5D3002CE3F1 /* Preview Content */,
			);
			path = "ed-tech-platform";
			sourceTree = "<group>";
		};
		0889E7CC29CDE5D3002CE3F1 /* Preview Content */ = {
			isa = PBXGroup;
			children = (
				0889E7CD29CDE5D3002CE3F1 /* Preview Assets.xcassets */,
			);
			path = "Preview Content";
			sourceTree = "<group>";
		};
		0889E7DD29CDE7FC002CE3F1 /* Views */ = {
			isa = PBXGroup;
			children = (
				0889E7D929CDE7DF002CE3F1 /* HomeView.swift */,
				0889E7DB29CDE7F7002CE3F1 /* HomeViewRow.swift */,
			);
			path = Views;
			sourceTree = "<group>";
		};
		0889E7DE29CDE83B002CE3F1 /* ViewModels */ = {
			isa = PBXGroup;
			children = (
				0889E7DF29CDE85B002CE3F1 /* ContentModel.swift */,
			);
			path = ViewModels;
			sourceTree = "<group>";
		};
/* End PBXGroup section */

/* Begin PBXNativeTarget section */
		0889E7C229CDE5CA002CE3F1 /* ed-tech-platform */ = {
			isa = PBXNativeTarget;
			buildConfigurationList = 0889E7D629CDE5D3002CE3F1 /* Build configuration list for PBXNativeTarget "ed-tech-platform" */;
			buildPhases = (
				0889E7BF29CDE5CA002CE3F1 /* Sources */,
				0889E7C029CDE5CA002CE3F1 /* Frameworks */,
				0889E7C129CDE5CA002CE3F1 /* Resources */,
			);
			buildRules = (
			);
			dependencies = (
			);
			name = "ed-tech-platform";
			productName = "ed-tech-platform";
			productReference = 0889E7C329CDE5CA002CE3F1 /* ed-tech-platform.app */;
			productType = "com.apple.product-type.application";
		};
/* End PBXNativeTarget section */

/* Begin PBXProject section */
		0889E7BB29CDE5C9002CE3F1 /* Project object */ = {
			isa = PBXProject;
			attributes = {
				BuildIndependentTargetsInParallel = 1;
				LastSwiftUpdateCheck = 1420;
				LastUpgradeCheck = 1420;
				TargetAttributes = {
					0889E7C229CDE5CA002CE3F1 = {
						CreatedOnToolsVersion = 14.2;
					};
				};
			};
			buildConfigurationList = 0889E7BE29CDE5C9002CE3F1 /* Build configuration list for PBXProject "ed-tech-platform" */;
			compatibilityVersion = "Xcode 14.0";
			developmentRegion = en;
			hasScannedForEncodings = 0;
			knownRegions = (
				en,
				Base,
			);
			mainGroup = 0889E7BA29CDE5C9002CE3F1;
			productRefGroup = 0889E7C429CDE5CA002CE3F1 /* Products */;
			projectDirPath = "";
			projectRoot = "";
			targets = (
				0889E7C229CDE5CA002CE3F1 /* ed-tech-platform */,
			);
		};
/* End PBXProject section */

/* Begin PBXResourcesBuildPhase section */
		0889E7C129CDE5CA002CE3F1 /* Resources */ = {
			isa = PBXResourcesBuildPhase;
			buildActionMask = 2147483647;
			files = (
				0889E7CE29CDE5D3002CE3F1 /* Preview Assets.xcassets in Resources */,
				0804978229DB3EAC00EF1AC8 /* data.json in Resources */,
				0889E7CB29CDE5D3002CE3F1 /* Assets.xcassets in Resources */,
			);
			runOnlyForDeploymentPostprocessing = 0;
		};
/* End PBXResourcesBuildPhase section */

/* Begin PBXSourcesBuildPhase section */
		0889E7BF29CDE5CA002CE3F1 /* Sources */ = {
			isa = PBXSourcesBuildPhase;
			buildActionMask = 2147483647;
			files = (
				0889E7D329CDE5D3002CE3F1 /* ed_tech_platform.xcdatamodeld in Sources */,
				0804977F29DB3CC100EF1AC8 /* Models.swift in Sources */,
				0889E7DA29CDE7DF002CE3F1 /* HomeView.swift in Sources */,
				0889E7DC29CDE7F7002CE3F1 /* HomeViewRow.swift in Sources */,
				0889E7E029CDE85B002CE3F1 /* ContentModel.swift in Sources */,
				0889E7C729CDE5CA002CE3F1 /* ed_tech_platform.swift in Sources */,
			);
			runOnlyForDeploymentPostprocessing = 0;
		};
/* End PBXSourcesBuildPhase section */

/* Begin XCBuildConfiguration section */
		0889E7D429CDE5D3002CE3F1 /* Debug */ = {
			isa = XCBuildConfiguration;
			buildSettings = {
				ALWAYS_SEARCH_USER_PATHS = NO;
				CLANG_ANALYZER_NONNULL = YES;
				CLANG_ANALYZER_NUMBER_OBJECT_CONVERSION = YES_AGGRESSIVE;
				CLANG_CXX_LANGUAGE_STANDARD = "gnu++20";
				CLANG_ENABLE_MODULES = YES;
				CLANG_ENABLE_OBJC_ARC = YES;
				CLANG_ENABLE_OBJC_WEAK = YES;
				CLANG_WARN_BLOCK_CAPTURE_AUTORELEASING = YES;
				CLANG_WARN_BOOL_CONVERSION = YES;
				CLANG_WARN_COMMA = YES;
				CLANG_WARN_CONSTANT_CONVERSION = YES;
				CLANG_WARN_DEPRECATED_OBJC_IMPLEMENTATIONS = YES;
				CLANG_WARN_DIRECT_OBJC_ISA_USAGE = YES_ERROR;
				CLANG_WARN_DOCUMENTATION_COMMENTS = YES;
				CLANG_WARN_EMPTY_BODY = YES;
				CLANG_WARN_ENUM_CONVERSION = YES;
				CLANG_WARN_INFINITE_RECURSION = YES;
				CLANG_WARN_INT_CONVERSION = YES;
				CLANG_WARN_NON_LITERAL_NULL_CONVERSION = YES;
				CLANG_WARN_OBJC_IMPLICIT_RETAIN_SELF = YES;
				CLANG_WARN_OBJC_LITERAL_CONVERSION = YES;
				CLANG_WARN_OBJC_ROOT_CLASS = YES_ERROR;
				CLANG_WARN_QUOTED_INCLUDE_IN_FRAMEWORK_HEADER = YES;
				CLANG_WARN_RANGE_LOOP_ANALYSIS = YES;
				CLANG_WARN_STRICT_PROTOTYPES = YES;
				CLANG_WARN_SUSPICIOUS_MOVE = YES;
				CLANG_WARN_UNGUARDED_AVAILABILITY = YES_AGGRESSIVE;
				CLANG_WARN_UNREACHABLE_CODE = YES;
				CLANG_WARN__DUPLICATE_METHOD_MATCH = YES;
				COPY_PHASE_STRIP = NO;
				DEBUG_INFORMATION_FORMAT = dwarf;
				ENABLE_STRICT_OBJC_MSGSEND = YES;
				ENABLE_TESTABILITY = YES;
				GCC_C_LANGUAGE_STANDARD = gnu11;
				GCC_DYNAMIC_NO_PIC = NO;
				GCC_NO_COMMON_BLOCKS = YES;
				GCC_OPTIMIZATION_LEVEL = 0;
				GCC_PREPROCESSOR_DEFINITIONS = (
					"DEBUG=1",
					"$(inherited)",
				);
				GCC_WARN_64_TO_32_BIT_CONVERSION = YES;
				GCC_WARN_ABOUT_RETURN_TYPE = YES_ERROR;
				GCC_WARN_UNDECLARED_SELECTOR = YES;
				GCC_WARN_UNINITIALIZED_AUTOS = YES_AGGRESSIVE;
				GCC_WARN_UNUSED_FUNCTION = YES;
				GCC_WARN_UNUSED_VARIABLE = YES;
				IPHONEOS_DEPLOYMENT_TARGET = 16.2;
				MTL_ENABLE_DEBUG_INFO = INCLUDE_SOURCE;
				MTL_FAST_MATH = YES;
				ONLY_ACTIVE_ARCH = YES;
				SDKROOT = iphoneos;
				SWIFT_ACTIVE_COMPILATION_CONDITIONS = DEBUG;
				SWIFT_OPTIMIZATION_LEVEL = "-Onone";
			};
			name = Debug;
		};
		0889E7D529CDE5D3002CE3F1 /* Release */ = {
			isa = XCBuildConfiguration;
			buildSettings = {
				ALWAYS_SEARCH_USER_PATHS = NO;
				CLANG_ANALYZER_NONNULL = YES;
				CLANG_ANALYZER_NUMBER_OBJECT_CONVERSION = YES_AGGRESSIVE;
				CLANG_CXX_LANGUAGE_STANDARD = "gnu++20";
				CLANG_ENABLE_MODULES = YES;
				CLANG_ENABLE_OBJC_ARC = YES;
				CLANG_ENABLE_OBJC_WEAK = YES;
				CLANG_WARN_BLOCK_CAPTURE_AUTORELEASING = YES;
				CLANG_WARN_BOOL_CONVERSION = YES;
				CLANG_WARN_COMMA = YES;
				CLANG_WARN_CONSTANT_CONVERSION = YES;
				CLANG_WARN_DEPRECATED_OBJC_IMPLEMENTATIONS = YES;
				CLANG_WARN_DIRECT_OBJC_ISA_USAGE = YES_ERROR;
				CLANG_WARN_DOCUMENTATION_COMMENTS = YES;
				CLANG_WARN_EMPTY_BODY = YES;
				CLANG_WARN_ENUM_CONVERSION = YES;
				CLANG_WARN_INFINITE_RECURSION = YES;
				CLANG_WARN_INT_CONVERSION = YES;
				CLANG_WARN_NON_LITERAL_NULL_CONVERSION = YES;
				CLANG_WARN_OBJC_IMPLICIT_RETAIN_SELF = YES;
				CLANG_WARN_OBJC_LITERAL_CONVERSION = YES;
				CLANG_WARN_OBJC_ROOT_CLASS = YES_ERROR;
				CLANG_WARN_QUOTED_INCLUDE_IN_FRAMEWORK_HEADER = YES;
				CLANG_WARN_RANGE_LOOP_ANALYSIS = YES;
				CLANG_WARN_STRICT_PROTOTYPES = YES;
				CLANG_WARN_SUSPICIOUS_MOVE = YES;
				CLANG_WARN_UNGUARDED_AVAILABILITY = YES_AGGRESSIVE;
				CLANG_WARN_UNREACHABLE_CODE = YES;
				CLANG_WARN__DUPLICATE_METHOD_MATCH = YES;
				COPY_PHASE_STRIP = NO;
				DEBUG_INFORMATION_FORMAT = "dwarf-with-dsym";
				ENABLE_NS_ASSERTIONS = NO;
				ENABLE_STRICT_OBJC_MSGSEND = YES;
				GCC_C_LANGUAGE_STANDARD = gnu11;
				GCC_NO_COMMON_BLOCKS = YES;
				GCC_WARN_64_TO_32_BIT_CONVERSION = YES;
				GCC_WARN_ABOUT_RETURN_TYPE = YES_ERROR;
				GCC_WARN_UNDECLARED_SELECTOR = YES;
				GCC_WARN_UNINITIALIZED_AUTOS = YES_AGGRESSIVE;
				GCC_WARN_UNUSED_FUNCTION = YES;
				GCC_WARN_UNUSED_VARIABLE = YES;
				IPHONEOS_DEPLOYMENT_TARGET = 16.2;
				MTL_ENABLE_DEBUG_INFO = NO;
				MTL_FAST_MATH = YES;
				SDKROOT = iphoneos;
				SWIFT_COMPILATION_MODE = wholemodule;
				SWIFT_OPTIMIZATION_LEVEL = "-O";
				VALIDATE_PRODUCT = YES;
			};
			name = Release;
		};
		0889E7D729CDE5D3002CE3F1 /* Debug */ = {
			isa = XCBuildConfiguration;
			buildSettings = {
				ASSETCATALOG_COMPILER_APPICON_NAME = AppIcon;
				ASSETCATALOG_COMPILER_GLOBAL_ACCENT_COLOR_NAME = AccentColor;
				CODE_SIGN_STYLE = Automatic;
				CURRENT_PROJECT_VERSION = 1;
				DEVELOPMENT_ASSET_PATHS = "\"ed-tech-platform/Preview Content\"";
				ENABLE_PREVIEWS = YES;
				GENERATE_INFOPLIST_FILE = YES;
				INFOPLIST_KEY_UIApplicationSceneManifest_Generation = YES;
				INFOPLIST_KEY_UIApplicationSupportsIndirectInputEvents = YES;
				INFOPLIST_KEY_UILaunchScreen_Generation = YES;
				INFOPLIST_KEY_UISupportedInterfaceOrientations_iPad = "UIInterfaceOrientationPortrait UIInterfaceOrientationPortraitUpsideDown UIInterfaceOrientationLandscapeLeft UIInterfaceOrientationLandscapeRight";
				INFOPLIST_KEY_UISupportedInterfaceOrientations_iPhone = "UIInterfaceOrientationPortrait UIInterfaceOrientationLandscapeLeft UIInterfaceOrientationLandscapeRight";
				LD_RUNPATH_SEARCH_PATHS = (
					"$(inherited)",
					"@executable_path/Frameworks",
				);
				MARKETING_VERSION = 1.0;
				PRODUCT_BUNDLE_IDENTIFIER = "jackson-wiese.ed-tech-platform";
				PRODUCT_NAME = "$(TARGET_NAME)";
				SWIFT_EMIT_LOC_STRINGS = YES;
				SWIFT_VERSION = 5.0;
				TARGETED_DEVICE_FAMILY = "1,2";
			};
			name = Debug;
		};
		0889E7D829CDE5D3002CE3F1 /* Release */ = {
			isa = XCBuildConfiguration;
			buildSettings = {
				ASSETCATALOG_COMPILER_APPICON_NAME = AppIcon;
				ASSETCATALOG_COMPILER_GLOBAL_ACCENT_COLOR_NAME = AccentColor;
				CODE_SIGN_STYLE = Automatic;
				CURRENT_PROJECT_VERSION = 1;
				DEVELOPMENT_ASSET_PATHS = "\"ed-tech-platform/Preview Content\"";
				ENABLE_PREVIEWS = YES;
				GENERATE_INFOPLIST_FILE = YES;
				INFOPLIST_KEY_UIApplicationSceneManifest_Generation = YES;
				INFOPLIST_KEY_UIApplicationSupportsIndirectInputEvents = YES;
				INFOPLIST_KEY_UILaunchScreen_Generation = YES;
				INFOPLIST_KEY_UISupportedInterfaceOrientations_iPad = "UIInterfaceOrientationPortrait UIInterfaceOrientationPortraitUpsideDown UIInterfaceOrientationLandscapeLeft UIInterfaceOrientationLandscapeRight";
				INFOPLIST_KEY_UISupportedInterfaceOrientations_iPhone = "UIInterfaceOrientationPortrait UIInterfaceOrientationLandscapeLeft UIInterfaceOrientationLandscapeRight";
				LD_RUNPATH_SEARCH_PATHS = (
					"$(inherited)",
					"@executable_path/Frameworks",
				);
				MARKETING_VERSION = 1.0;
				PRODUCT_BUNDLE_IDENTIFIER = "jackson-wiese.ed-tech-platform";
				PRODUCT_NAME = "$(TARGET_NAME)";
				SWIFT_EMIT_LOC_STRINGS = YES;
				SWIFT_VERSION = 5.0;
				TARGETED_DEVICE_FAMILY = "1,2";
			};
			name = Release;
		};
/* End XCBuildConfiguration section */

/* Begin XCConfigurationList section */
		0889E7BE29CDE5C9002CE3F1 /* Build configuration list for PBXProject "ed-tech-platform" */ = {
			isa = XCConfigurationList;
			buildConfigurations = (
				0889E7D429CDE5D3002CE3F1 /* Debug */,
				0889E7D529CDE5D3002CE3F1 /* Release */,
			);
			defaultConfigurationIsVisible = 0;
			defaultConfigurationName = Release;
		};
		0889E7D629CDE5D3002CE3F1 /* Build configuration list for PBXNativeTarget "ed-tech-platform" */ = {
			isa = XCConfigurationList;
			buildConfigurations = (
				0889E7D729CDE5D3002CE3F1 /* Debug */,
				0889E7D829CDE5D3002CE3F1 /* Release */,
			);
			defaultConfigurationIsVisible = 0;
			defaultConfigurationName = Release;
		};
/* End XCConfigurationList section */

/* Begin XCVersionGroup section */
		0889E7D129CDE5D3002CE3F1 /* ed_tech_platform.xcdatamodeld */ = {
			isa = XCVersionGroup;
			children = (
				0889E7D229CDE5D3002CE3F1 /* ed_tech_platform.xcdatamodel */,
			);
			currentVersion = 0889E7D229CDE5D3002CE3F1 /* ed_tech_platform.xcdatamodel */;
			path = ed_tech_platform.xcdatamodeld;
			sourceTree = "<group>";
			versionGroupType = wrapper.xcdatamodel;
		};
/* End XCVersionGroup section */
	};
	rootObject = 0889E7BB29CDE5C9002CE3F1 /* Project object */;
}
